
Microsoft Visual Studio Solution File, Format Version 12.00
# Visual Studio Version 16
VisualStudioVersion = 16.0.30717.126
MinimumVisualStudioVersion = 10.0.40219.1
Project("{FAE04EC0-301F-11D3-BF4B-00C04F79EFBC}") = "MediatRJournal", "MediatRJournal\MediatRJournal.csproj", "{5E5617D9-FAFD-4144-8DB3-B8E3DE3801D2}"
EndProject
Project("{FAE04EC0-301F-11D3-BF4B-00C04F79EFBC}") = "MediatRJournal.MediatR", "MediatRJournal.MediatR\MediatRJournal.MediatR.csproj", "{424458E9-3F91-41DB-AB09-DE968E0AAEDC}"
EndProject
Project("{FAE04EC0-301F-11D3-BF4B-00C04F79EFBC}") = "MediatRJournal.Data", "MediatRJournal.Data\MediatRJournal.Data.csproj", "{6721132C-9A98-4882-A087-B1D54B32816C}"
EndProject
Project("{FAE04EC0-301F-11D3-BF4B-00C04F79EFBC}") = "MediatRJournal.Models", "MediatRJournal.Models\MediatRJournal.Models.csproj", "{19B5B0D7-CEE2-4CB8-AFE2-86437825677A}"
EndProject
Global
	GlobalSection(SolutionConfigurationPlatforms) = preSolution
		Debug|Any CPU = Debug|Any CPU
		Release|Any CPU = Release|Any CPU
	EndGlobalSection
	GlobalSection(ProjectConfigurationPlatforms) = postSolution
		{5E5617D9-FAFD-4144-8DB3-B8E3DE3801D2}.Debug|Any CPU.ActiveCfg = Debug|Any CPU
		{5E5617D9-FAFD-4144-8DB3-B8E3DE3801D2}.Debug|Any CPU.Build.0 = Debug|Any CPU
		{5E5617D9-FAFD-4144-8DB3-B8E3DE3801D2}.Release|Any CPU.ActiveCfg = Release|Any CPU
		{5E5617D9-FAFD-4144-8DB3-B8E3DE3801D2}.Release|Any CPU.Build.0 = Release|Any CPU
		{424458E9-3F91-41DB-AB09-DE968E0AAEDC}.Debug|Any CPU.ActiveCfg = Debug|Any CPU
		{424458E9-3F91-41DB-AB09-DE968E0AAEDC}.Debug|Any CPU.Build.0 = Debug|Any CPU
		{424458E9-3F91-41DB-AB09-DE968E0AAEDC}.Release|Any CPU.ActiveCfg = Release|Any CPU
		{424458E9-3F91-41DB-AB09-DE968E0AAEDC}.Release|Any CPU.Build.0 = Release|Any CPU
		{6721132C-9A98-4882-A087-B1D54B32816C}.Debug|Any CPU.ActiveCfg = Debug|Any CPU
		{6721132C-9A98-4882-A087-B1D54B32816C}.Debug|Any CPU.Build.0 = Debug|Any CPU
		{6721132C-9A98-4882-A087-B1D54B32816C}.Release|Any CPU.ActiveCfg = Release|Any CPU
		{6721132C-9A98-4882-A087-B1D54B32816C}.Release|Any CPU.Build.0 = Release|Any CPU
		{19B5B0D7-CEE2-4CB8-AFE2-86437825677A}.Debug|Any CPU.ActiveCfg = Debug|Any CPU
		{19B5B0D7-CEE2-4CB8-AFE2-86437825677A}.Debug|Any CPU.Build.0 = Debug|Any CPU
		{19B5B0D7-CEE2-4CB8-AFE2-86437825677A}.Release|Any CPU.ActiveCfg = Release|Any CPU
		{19B5B0D7-CEE2-4CB8-AFE2-86437825677A}.Release|Any CPU.Build.0 = Release|Any CPU
	EndGlobalSection
	GlobalSection(SolutionProperties) = preSolution
		HideSolutionNode = FALSE
	EndGlobalSection
	GlobalSection(ExtensibilityGlobals) = postSolution
		SolutionGuid = {EC6D74AE-F8AE-43B4-BF9B-9C148E7F8246}
	EndGlobalSection
EndGlobal
